// !$*UTF8*$!
{
	archiveVersion = 1;
	classes = {
	};
	objectVersion = 46;
	objects = {

/* Begin PBXBuildFile section */
		034279861AEB643B00F7EF21 /* CustomAppearance.swift in Sources */ = {isa = PBXBuildFile; fileRef = 034279851AEB643B00F7EF21 /* CustomAppearance.swift */; };
		034279881AEB64FA00F7EF21 /* AboutMeTableViewController.swift in Sources */ = {isa = PBXBuildFile; fileRef = 034279871AEB64FA00F7EF21 /* AboutMeTableViewController.swift */; };
		0342798C1AEB732F00F7EF21 /* ProjectCell.xib in Resources */ = {isa = PBXBuildFile; fileRef = 0342798A1AEB732F00F7EF21 /* ProjectCell.xib */; };
		0342798E1AEC0A6100F7EF21 /* Project.swift in Sources */ = {isa = PBXBuildFile; fileRef = 0342798D1AEC0A6100F7EF21 /* Project.swift */; };
		034279901AEC0B5C00F7EF21 /* ProjectTableViewCell.swift in Sources */ = {isa = PBXBuildFile; fileRef = 0342798F1AEC0B5C00F7EF21 /* ProjectTableViewCell.swift */; };
		034279921AEC300500F7EF21 /* EducationItem.swift in Sources */ = {isa = PBXBuildFile; fileRef = 034279911AEC300500F7EF21 /* EducationItem.swift */; };
		035E87261AE1D1ED00654B32 /* AppDelegate.swift in Sources */ = {isa = PBXBuildFile; fileRef = 035E87251AE1D1ED00654B32 /* AppDelegate.swift */; };
		035E872B1AE1D1ED00654B32 /* Main.storyboard in Resources */ = {isa = PBXBuildFile; fileRef = 035E87291AE1D1ED00654B32 /* Main.storyboard */; };
		035E872D1AE1D1ED00654B32 /* Images.xcassets in Resources */ = {isa = PBXBuildFile; fileRef = 035E872C1AE1D1ED00654B32 /* Images.xcassets */; };
		035E873C1AE1D1ED00654B32 /* Filipe_AlvarengaTests.swift in Sources */ = {isa = PBXBuildFile; fileRef = 035E873B1AE1D1ED00654B32 /* Filipe_AlvarengaTests.swift */; };
		035E874E1AE1D71700654B32 /* DotView.xib in Resources */ = {isa = PBXBuildFile; fileRef = 035E874C1AE1D71700654B32 /* DotView.xib */; };
		035E87521AE1D7E200654B32 /* DotsViewController.swift in Sources */ = {isa = PBXBuildFile; fileRef = 035E87511AE1D7E200654B32 /* DotsViewController.swift */; };
		0376061C1AE29DEE00855F6A /* DotView.swift in Sources */ = {isa = PBXBuildFile; fileRef = 0376061B1AE29DEE00855F6A /* DotView.swift */; };
		0376061D1AE2DBD900855F6A /* OpenSans-Bold.ttf in Resources */ = {isa = PBXBuildFile; fileRef = 037606111AE29C3A00855F6A /* OpenSans-Bold.ttf */; };
		0376061E1AE2DBD900855F6A /* OpenSans-BoldItalic.ttf in Resources */ = {isa = PBXBuildFile; fileRef = 037606121AE29C3A00855F6A /* OpenSans-BoldItalic.ttf */; };
		0376061F1AE2DBD900855F6A /* OpenSans-ExtraBold.ttf in Resources */ = {isa = PBXBuildFile; fileRef = 037606131AE29C3A00855F6A /* OpenSans-ExtraBold.ttf */; };
		037606201AE2DBD900855F6A /* OpenSans-ExtraBoldItalic.ttf in Resources */ = {isa = PBXBuildFile; fileRef = 037606141AE29C3A00855F6A /* OpenSans-ExtraBoldItalic.ttf */; };
		037606211AE2DBD900855F6A /* OpenSans-Italic.ttf in Resources */ = {isa = PBXBuildFile; fileRef = 037606151AE29C3A00855F6A /* OpenSans-Italic.ttf */; };
		037606221AE2DBD900855F6A /* OpenSans-Light.ttf in Resources */ = {isa = PBXBuildFile; fileRef = 037606161AE29C3A00855F6A /* OpenSans-Light.ttf */; };
		037606231AE2DBD900855F6A /* OpenSans-LightItalic.ttf in Resources */ = {isa = PBXBuildFile; fileRef = 037606171AE29C3A00855F6A /* OpenSans-LightItalic.ttf */; };
		037606241AE2DBD900855F6A /* OpenSans-Regular.ttf in Resources */ = {isa = PBXBuildFile; fileRef = 037606181AE29C3A00855F6A /* OpenSans-Regular.ttf */; };
		037606251AE2DBD900855F6A /* OpenSans-Semibold.ttf in Resources */ = {isa = PBXBuildFile; fileRef = 037606191AE29C3A00855F6A /* OpenSans-Semibold.ttf */; };
		037606261AE2DBD900855F6A /* OpenSans-SemiboldItalic.ttf in Resources */ = {isa = PBXBuildFile; fileRef = 0376061A1AE29C3A00855F6A /* OpenSans-SemiboldItalic.ttf */; };
		037606271AE2DBD900855F6A /* OpenSans-CondLightItalic.ttf in Resources */ = {isa = PBXBuildFile; fileRef = 031B2D671AE298A800696A29 /* OpenSans-CondLightItalic.ttf */; };
		037606281AE2DBD900855F6A /* OpenSans-CondLight.ttf in Resources */ = {isa = PBXBuildFile; fileRef = 031B2D661AE298A200696A29 /* OpenSans-CondLight.ttf */; };
		037606291AE2DBD900855F6A /* OpenSans-CondBold.ttf in Resources */ = {isa = PBXBuildFile; fileRef = 031B2D651AE2989B00696A29 /* OpenSans-CondBold.ttf */; };
		03C21F831AE49B570033F89A /* Story.swift in Sources */ = {isa = PBXBuildFile; fileRef = 03C21F821AE49B570033F89A /* Story.swift */; };
		03C21F851AE49DC80033F89A /* AboutMe.plist in Resources */ = {isa = PBXBuildFile; fileRef = 03C21F841AE49DC80033F89A /* AboutMe.plist */; };
		03D99B611AE93F7600E4CC77 /* LaunchScreen.xib in Resources */ = {isa = PBXBuildFile; fileRef = 03D99B5F1AE93F7600E4CC77 /* LaunchScreen.xib */; };
		03D99B631AE969B700E4CC77 /* StartViewController.swift in Sources */ = {isa = PBXBuildFile; fileRef = 03D99B621AE969B700E4CC77 /* StartViewController.swift */; };
		03D99B6C1AE9712C00E4CC77 /* FBShimmeringLayer.m in Sources */ = {isa = PBXBuildFile; fileRef = 03D99B691AE9712C00E4CC77 /* FBShimmeringLayer.m */; };
		03D99B6D1AE9712C00E4CC77 /* FBShimmeringView.m in Sources */ = {isa = PBXBuildFile; fileRef = 03D99B6B1AE9712C00E4CC77 /* FBShimmeringView.m */; };
		03D99B741AE98B0100E4CC77 /* GreetingsView.xib in Resources */ = {isa = PBXBuildFile; fileRef = 03D99B721AE98B0100E4CC77 /* GreetingsView.xib */; };
		03D99B761AE9929100E4CC77 /* GreetingsView.swift in Sources */ = {isa = PBXBuildFile; fileRef = 03D99B751AE9929100E4CC77 /* GreetingsView.swift */; };
/* End PBXBuildFile section */

/* Begin PBXContainerItemProxy section */
		035E87361AE1D1ED00654B32 /* PBXContainerItemProxy */ = {
			isa = PBXContainerItemProxy;
			containerPortal = 035E87181AE1D1ED00654B32 /* Project object */;
			proxyType = 1;
			remoteGlobalIDString = 035E871F1AE1D1ED00654B32;
			remoteInfo = "Filipe Alvarenga";
		};
/* End PBXContainerItemProxy section */

/* Begin PBXFileReference section */
		031B2D651AE2989B00696A29 /* OpenSans-CondBold.ttf */ = {isa = PBXFileReference; lastKnownFileType = file; path = "OpenSans-CondBold.ttf"; sourceTree = "<group>"; };
		031B2D661AE298A200696A29 /* OpenSans-CondLight.ttf */ = {isa = PBXFileReference; lastKnownFileType = file; path = "OpenSans-CondLight.ttf"; sourceTree = "<group>"; };
		031B2D671AE298A800696A29 /* OpenSans-CondLightItalic.ttf */ = {isa = PBXFileReference; lastKnownFileType = file; path = "OpenSans-CondLightItalic.ttf"; sourceTree = "<group>"; };
		034279851AEB643B00F7EF21 /* CustomAppearance.swift */ = {isa = PBXFileReference; fileEncoding = 4; lastKnownFileType = sourcecode.swift; name = CustomAppearance.swift; path = Model/CustomAppearance.swift; sourceTree = "<group>"; };
		034279871AEB64FA00F7EF21 /* AboutMeTableViewController.swift */ = {isa = PBXFileReference; fileEncoding = 4; lastKnownFileType = sourcecode.swift; name = AboutMeTableViewController.swift; path = Controller/AboutMeTableViewController.swift; sourceTree = "<group>"; };
		0342798B1AEB732F00F7EF21 /* Base */ = {isa = PBXFileReference; lastKnownFileType = file.xib; name = Base; path = Base.lproj/ProjectCell.xib; sourceTree = "<group>"; };
		0342798D1AEC0A6100F7EF21 /* Project.swift */ = {isa = PBXFileReference; fileEncoding = 4; lastKnownFileType = sourcecode.swift; name = Project.swift; path = Model/Project.swift; sourceTree = "<group>"; };
		0342798F1AEC0B5C00F7EF21 /* ProjectTableViewCell.swift */ = {isa = PBXFileReference; fileEncoding = 4; lastKnownFileType = sourcecode.swift; name = ProjectTableViewCell.swift; path = View/ProjectTableViewCell.swift; sourceTree = "<group>"; };
		034279911AEC300500F7EF21 /* EducationItem.swift */ = {isa = PBXFileReference; fileEncoding = 4; lastKnownFileType = sourcecode.swift; name = EducationItem.swift; path = Model/EducationItem.swift; sourceTree = "<group>"; };
		035E87201AE1D1ED00654B32 /* Filipe Alvarenga.app */ = {isa = PBXFileReference; explicitFileType = wrapper.application; includeInIndex = 0; path = "Filipe Alvarenga.app"; sourceTree = BUILT_PRODUCTS_DIR; };
		035E87241AE1D1ED00654B32 /* Info.plist */ = {isa = PBXFileReference; lastKnownFileType = text.plist.xml; path = Info.plist; sourceTree = "<group>"; };
		035E87251AE1D1ED00654B32 /* AppDelegate.swift */ = {isa = PBXFileReference; lastKnownFileType = sourcecode.swift; path = AppDelegate.swift; sourceTree = "<group>"; };
		035E872A1AE1D1ED00654B32 /* Base */ = {isa = PBXFileReference; lastKnownFileType = file.storyboard; name = Base; path = Base.lproj/Main.storyboard; sourceTree = "<group>"; };
		035E872C1AE1D1ED00654B32 /* Images.xcassets */ = {isa = PBXFileReference; lastKnownFileType = folder.assetcatalog; path = Images.xcassets; sourceTree = "<group>"; };
		035E87351AE1D1ED00654B32 /* Filipe AlvarengaTests.xctest */ = {isa = PBXFileReference; explicitFileType = wrapper.cfbundle; includeInIndex = 0; path = "Filipe AlvarengaTests.xctest"; sourceTree = BUILT_PRODUCTS_DIR; };
		035E873A1AE1D1ED00654B32 /* Info.plist */ = {isa = PBXFileReference; lastKnownFileType = text.plist.xml; path = Info.plist; sourceTree = "<group>"; };
		035E873B1AE1D1ED00654B32 /* Filipe_AlvarengaTests.swift */ = {isa = PBXFileReference; lastKnownFileType = sourcecode.swift; path = Filipe_AlvarengaTests.swift; sourceTree = "<group>"; };
		035E874D1AE1D71700654B32 /* Base */ = {isa = PBXFileReference; lastKnownFileType = file.xib; name = Base; path = Base.lproj/DotView.xib; sourceTree = "<group>"; };
		035E87511AE1D7E200654B32 /* DotsViewController.swift */ = {isa = PBXFileReference; fileEncoding = 4; lastKnownFileType = sourcecode.swift; name = DotsViewController.swift; path = Controller/DotsViewController.swift; sourceTree = "<group>"; };
		037606111AE29C3A00855F6A /* OpenSans-Bold.ttf */ = {isa = PBXFileReference; lastKnownFileType = file; path = "OpenSans-Bold.ttf"; sourceTree = "<group>"; };
		037606121AE29C3A00855F6A /* OpenSans-BoldItalic.ttf */ = {isa = PBXFileReference; lastKnownFileType = file; path = "OpenSans-BoldItalic.ttf"; sourceTree = "<group>"; };
		037606131AE29C3A00855F6A /* OpenSans-ExtraBold.ttf */ = {isa = PBXFileReference; lastKnownFileType = file; path = "OpenSans-ExtraBold.ttf"; sourceTree = "<group>"; };
		037606141AE29C3A00855F6A /* OpenSans-ExtraBoldItalic.ttf */ = {isa = PBXFileReference; lastKnownFileType = file; path = "OpenSans-ExtraBoldItalic.ttf"; sourceTree = "<group>"; };
		037606151AE29C3A00855F6A /* OpenSans-Italic.ttf */ = {isa = PBXFileReference; lastKnownFileType = file; path = "OpenSans-Italic.ttf"; sourceTree = "<group>"; };
		037606161AE29C3A00855F6A /* OpenSans-Light.ttf */ = {isa = PBXFileReference; lastKnownFileType = file; path = "OpenSans-Light.ttf"; sourceTree = "<group>"; };
		037606171AE29C3A00855F6A /* OpenSans-LightItalic.ttf */ = {isa = PBXFileReference; lastKnownFileType = file; path = "OpenSans-LightItalic.ttf"; sourceTree = "<group>"; };
		037606181AE29C3A00855F6A /* OpenSans-Regular.ttf */ = {isa = PBXFileReference; lastKnownFileType = file; path = "OpenSans-Regular.ttf"; sourceTree = "<group>"; };
		037606191AE29C3A00855F6A /* OpenSans-Semibold.ttf */ = {isa = PBXFileReference; lastKnownFileType = file; path = "OpenSans-Semibold.ttf"; sourceTree = "<group>"; };
		0376061A1AE29C3A00855F6A /* OpenSans-SemiboldItalic.ttf */ = {isa = PBXFileReference; lastKnownFileType = file; path = "OpenSans-SemiboldItalic.ttf"; sourceTree = "<group>"; };
		0376061B1AE29DEE00855F6A /* DotView.swift */ = {isa = PBXFileReference; fileEncoding = 4; lastKnownFileType = sourcecode.swift; name = DotView.swift; path = View/DotView.swift; sourceTree = "<group>"; };
		03C21F821AE49B570033F89A /* Story.swift */ = {isa = PBXFileReference; fileEncoding = 4; lastKnownFileType = sourcecode.swift; name = Story.swift; path = Model/Story.swift; sourceTree = "<group>"; };
		03C21F841AE49DC80033F89A /* AboutMe.plist */ = {isa = PBXFileReference; fileEncoding = 4; lastKnownFileType = text.plist.xml; path = AboutMe.plist; sourceTree = "<group>"; };
		03D99B601AE93F7600E4CC77 /* Base */ = {isa = PBXFileReference; lastKnownFileType = file.xib; name = Base; path = Base.lproj/LaunchScreen.xib; sourceTree = "<group>"; };
		03D99B621AE969B700E4CC77 /* StartViewController.swift */ = {isa = PBXFileReference; fileEncoding = 4; lastKnownFileType = sourcecode.swift; name = StartViewController.swift; path = Controller/StartViewController.swift; sourceTree = "<group>"; };
		03D99B651AE9712C00E4CC77 /* Filipe Alvarenga-Bridging-Header.h */ = {isa = PBXFileReference; lastKnownFileType = sourcecode.c.h; path = "Filipe Alvarenga-Bridging-Header.h"; sourceTree = "<group>"; };
		03D99B661AE9712C00E4CC77 /* FBShimmering-Prefix.pch */ = {isa = PBXFileReference; fileEncoding = 4; lastKnownFileType = sourcecode.c.h; path = "FBShimmering-Prefix.pch"; sourceTree = "<group>"; };
		03D99B671AE9712C00E4CC77 /* FBShimmering.h */ = {isa = PBXFileReference; fileEncoding = 4; lastKnownFileType = sourcecode.c.h; path = FBShimmering.h; sourceTree = "<group>"; };
		03D99B681AE9712C00E4CC77 /* FBShimmeringLayer.h */ = {isa = PBXFileReference; fileEncoding = 4; lastKnownFileType = sourcecode.c.h; path = FBShimmeringLayer.h; sourceTree = "<group>"; };
		03D99B691AE9712C00E4CC77 /* FBShimmeringLayer.m */ = {isa = PBXFileReference; fileEncoding = 4; lastKnownFileType = sourcecode.c.objc; path = FBShimmeringLayer.m; sourceTree = "<group>"; };
		03D99B6A1AE9712C00E4CC77 /* FBShimmeringView.h */ = {isa = PBXFileReference; fileEncoding = 4; lastKnownFileType = sourcecode.c.h; path = FBShimmeringView.h; sourceTree = "<group>"; };
		03D99B6B1AE9712C00E4CC77 /* FBShimmeringView.m */ = {isa = PBXFileReference; fileEncoding = 4; lastKnownFileType = sourcecode.c.objc; path = FBShimmeringView.m; sourceTree = "<group>"; };
		03D99B731AE98B0100E4CC77 /* Base */ = {isa = PBXFileReference; lastKnownFileType = file.xib; name = Base; path = Base.lproj/GreetingsView.xib; sourceTree = "<group>"; };
		03D99B751AE9929100E4CC77 /* GreetingsView.swift */ = {isa = PBXFileReference; fileEncoding = 4; lastKnownFileType = sourcecode.swift; name = GreetingsView.swift; path = View/GreetingsView.swift; sourceTree = "<group>"; };
/* End PBXFileReference section */

/* Begin PBXFrameworksBuildPhase section */
		035E871D1AE1D1ED00654B32 /* Frameworks */ = {
			isa = PBXFrameworksBuildPhase;
			buildActionMask = 2147483647;
			files = (
			);
			runOnlyForDeploymentPostprocessing = 0;
		};
		035E87321AE1D1ED00654B32 /* Frameworks */ = {
			isa = PBXFrameworksBuildPhase;
			buildActionMask = 2147483647;
			files = (
			);
			runOnlyForDeploymentPostprocessing = 0;
		};
/* End PBXFrameworksBuildPhase section */

/* Begin PBXGroup section */
		034279891AEB721A00F7EF21 /* Dots & Greetings */ = {
			isa = PBXGroup;
			children = (
				03D99B721AE98B0100E4CC77 /* GreetingsView.xib */,
				035E874C1AE1D71700654B32 /* DotView.xib */,
				0376061B1AE29DEE00855F6A /* DotView.swift */,
				03D99B751AE9929100E4CC77 /* GreetingsView.swift */,
			);
			name = "Dots & Greetings";
			sourceTree = "<group>";
		};
		035E87171AE1D1ED00654B32 = {
			isa = PBXGroup;
			children = (
				035E87221AE1D1ED00654B32 /* Filipe Alvarenga */,
				035E87381AE1D1ED00654B32 /* Filipe AlvarengaTests */,
				035E87211AE1D1ED00654B32 /* Products */,
			);
			sourceTree = "<group>";
		};
		035E87211AE1D1ED00654B32 /* Products */ = {
			isa = PBXGroup;
			children = (
				035E87201AE1D1ED00654B32 /* Filipe Alvarenga.app */,
				035E87351AE1D1ED00654B32 /* Filipe AlvarengaTests.xctest */,
			);
			name = Products;
			sourceTree = "<group>";
		};
		035E87221AE1D1ED00654B32 /* Filipe Alvarenga */ = {
			isa = PBXGroup;
			children = (
				035E87481AE1D69800654B32 /* Model */,
				035E87491AE1D69E00654B32 /* View */,
				035E874B1AE1D6B200654B32 /* Controller */,
				035E87251AE1D1ED00654B32 /* AppDelegate.swift */,
				035E872C1AE1D1ED00654B32 /* Images.xcassets */,
				035E87231AE1D1ED00654B32 /* Supporting Files */,
			);
			path = "Filipe Alvarenga";
			sourceTree = "<group>";
		};
		035E87231AE1D1ED00654B32 /* Supporting Files */ = {
			isa = PBXGroup;
			children = (
				03D99B641AE9710C00E4CC77 /* Libs */,
				03D99B6E1AE9714700E4CC77 /* Fonts */,
				03D99B651AE9712C00E4CC77 /* Filipe Alvarenga-Bridging-Header.h */,
				035E87241AE1D1ED00654B32 /* Info.plist */,
				03C21F841AE49DC80033F89A /* AboutMe.plist */,
			);
			name = "Supporting Files";
			sourceTree = "<group>";
		};
		035E87381AE1D1ED00654B32 /* Filipe AlvarengaTests */ = {
			isa = PBXGroup;
			children = (
				035E873B1AE1D1ED00654B32 /* Filipe_AlvarengaTests.swift */,
				035E87391AE1D1ED00654B32 /* Supporting Files */,
			);
			path = "Filipe AlvarengaTests";
			sourceTree = "<group>";
		};
		035E87391AE1D1ED00654B32 /* Supporting Files */ = {
			isa = PBXGroup;
			children = (
				035E873A1AE1D1ED00654B32 /* Info.plist */,
			);
			name = "Supporting Files";
			sourceTree = "<group>";
		};
		035E87481AE1D69800654B32 /* Model */ = {
			isa = PBXGroup;
			children = (
				03C21F821AE49B570033F89A /* Story.swift */,
				0342798D1AEC0A6100F7EF21 /* Project.swift */,
				034279851AEB643B00F7EF21 /* CustomAppearance.swift */,
				034279911AEC300500F7EF21 /* EducationItem.swift */,
			);
			name = Model;
			sourceTree = "<group>";
		};
		035E87491AE1D69E00654B32 /* View */ = {
			isa = PBXGroup;
			children = (
				035E87291AE1D1ED00654B32 /* Main.storyboard */,
				03D99B5F1AE93F7600E4CC77 /* LaunchScreen.xib */,
				034279891AEB721A00F7EF21 /* Dots & Greetings */,
				0342798A1AEB732F00F7EF21 /* ProjectCell.xib */,
				0342798F1AEC0B5C00F7EF21 /* ProjectTableViewCell.swift */,
			);
			name = View;
			sourceTree = "<group>";
		};
		035E874B1AE1D6B200654B32 /* Controller */ = {
			isa = PBXGroup;
			children = (
				035E87511AE1D7E200654B32 /* DotsViewController.swift */,
				03D99B621AE969B700E4CC77 /* StartViewController.swift */,
				034279871AEB64FA00F7EF21 /* AboutMeTableViewController.swift */,
			);
			name = Controller;
			sourceTree = "<group>";
		};
		03D99B641AE9710C00E4CC77 /* Libs */ = {
			isa = PBXGroup;
			children = (
				03D99B661AE9712C00E4CC77 /* FBShimmering-Prefix.pch */,
				03D99B671AE9712C00E4CC77 /* FBShimmering.h */,
				03D99B681AE9712C00E4CC77 /* FBShimmeringLayer.h */,
				03D99B691AE9712C00E4CC77 /* FBShimmeringLayer.m */,
				03D99B6A1AE9712C00E4CC77 /* FBShimmeringView.h */,
				03D99B6B1AE9712C00E4CC77 /* FBShimmeringView.m */,
			);
			name = Libs;
			sourceTree = "<group>";
		};
		03D99B6E1AE9714700E4CC77 /* Fonts */ = {
			isa = PBXGroup;
			children = (
				037606111AE29C3A00855F6A /* OpenSans-Bold.ttf */,
				037606121AE29C3A00855F6A /* OpenSans-BoldItalic.ttf */,
				037606131AE29C3A00855F6A /* OpenSans-ExtraBold.ttf */,
				037606141AE29C3A00855F6A /* OpenSans-ExtraBoldItalic.ttf */,
				037606151AE29C3A00855F6A /* OpenSans-Italic.ttf */,
				037606161AE29C3A00855F6A /* OpenSans-Light.ttf */,
				037606171AE29C3A00855F6A /* OpenSans-LightItalic.ttf */,
				037606181AE29C3A00855F6A /* OpenSans-Regular.ttf */,
				037606191AE29C3A00855F6A /* OpenSans-Semibold.ttf */,
				0376061A1AE29C3A00855F6A /* OpenSans-SemiboldItalic.ttf */,
				031B2D671AE298A800696A29 /* OpenSans-CondLightItalic.ttf */,
				031B2D661AE298A200696A29 /* OpenSans-CondLight.ttf */,
				031B2D651AE2989B00696A29 /* OpenSans-CondBold.ttf */,
			);
			name = Fonts;
			sourceTree = "<group>";
		};
/* End PBXGroup section */

/* Begin PBXNativeTarget section */
		035E871F1AE1D1ED00654B32 /* Filipe Alvarenga */ = {
			isa = PBXNativeTarget;
			buildConfigurationList = 035E873F1AE1D1ED00654B32 /* Build configuration list for PBXNativeTarget "Filipe Alvarenga" */;
			buildPhases = (
				035E871C1AE1D1ED00654B32 /* Sources */,
				035E871D1AE1D1ED00654B32 /* Frameworks */,
				035E871E1AE1D1ED00654B32 /* Resources */,
			);
			buildRules = (
			);
			dependencies = (
			);
			name = "Filipe Alvarenga";
			productName = "Filipe Alvarenga";
			productReference = 035E87201AE1D1ED00654B32 /* Filipe Alvarenga.app */;
			productType = "com.apple.product-type.application";
		};
		035E87341AE1D1ED00654B32 /* Filipe AlvarengaTests */ = {
			isa = PBXNativeTarget;
			buildConfigurationList = 035E87421AE1D1ED00654B32 /* Build configuration list for PBXNativeTarget "Filipe AlvarengaTests" */;
			buildPhases = (
				035E87311AE1D1ED00654B32 /* Sources */,
				035E87321AE1D1ED00654B32 /* Frameworks */,
				035E87331AE1D1ED00654B32 /* Resources */,
			);
			buildRules = (
			);
			dependencies = (
				035E87371AE1D1ED00654B32 /* PBXTargetDependency */,
			);
			name = "Filipe AlvarengaTests";
			productName = "Filipe AlvarengaTests";
			productReference = 035E87351AE1D1ED00654B32 /* Filipe AlvarengaTests.xctest */;
			productType = "com.apple.product-type.bundle.unit-test";
		};
/* End PBXNativeTarget section */

/* Begin PBXProject section */
		035E87181AE1D1ED00654B32 /* Project object */ = {
			isa = PBXProject;
			attributes = {
				LastUpgradeCheck = 0630;
				ORGANIZATIONNAME = "Filipe Alvarenga";
				TargetAttributes = {
					035E871F1AE1D1ED00654B32 = {
						CreatedOnToolsVersion = 6.3;
					};
					035E87341AE1D1ED00654B32 = {
						CreatedOnToolsVersion = 6.3;
						TestTargetID = 035E871F1AE1D1ED00654B32;
					};
				};
			};
			buildConfigurationList = 035E871B1AE1D1ED00654B32 /* Build configuration list for PBXProject "Filipe Alvarenga" */;
			compatibilityVersion = "Xcode 3.2";
			developmentRegion = English;
			hasScannedForEncodings = 0;
			knownRegions = (
				en,
				Base,
			);
			mainGroup = 035E87171AE1D1ED00654B32;
			productRefGroup = 035E87211AE1D1ED00654B32 /* Products */;
			projectDirPath = "";
			projectRoot = "";
			targets = (
				035E871F1AE1D1ED00654B32 /* Filipe Alvarenga */,
				035E87341AE1D1ED00654B32 /* Filipe AlvarengaTests */,
			);
		};
/* End PBXProject section */

/* Begin PBXResourcesBuildPhase section */
		035E871E1AE1D1ED00654B32 /* Resources */ = {
			isa = PBXResourcesBuildPhase;
			buildActionMask = 2147483647;
			files = (
				0376061D1AE2DBD900855F6A /* OpenSans-Bold.ttf in Resources */,
				0376061E1AE2DBD900855F6A /* OpenSans-BoldItalic.ttf in Resources */,
				0376061F1AE2DBD900855F6A /* OpenSans-ExtraBold.ttf in Resources */,
				0342798C1AEB732F00F7EF21 /* ProjectCell.xib in Resources */,
				037606201AE2DBD900855F6A /* OpenSans-ExtraBoldItalic.ttf in Resources */,
				037606211AE2DBD900855F6A /* OpenSans-Italic.ttf in Resources */,
				037606221AE2DBD900855F6A /* OpenSans-Light.ttf in Resources */,
				037606231AE2DBD900855F6A /* OpenSans-LightItalic.ttf in Resources */,
				03D99B741AE98B0100E4CC77 /* GreetingsView.xib in Resources */,
				037606241AE2DBD900855F6A /* OpenSans-Regular.ttf in Resources */,
				037606251AE2DBD900855F6A /* OpenSans-Semibold.ttf in Resources */,
				037606261AE2DBD900855F6A /* OpenSans-SemiboldItalic.ttf in Resources */,
				037606271AE2DBD900855F6A /* OpenSans-CondLightItalic.ttf in Resources */,
				037606281AE2DBD900855F6A /* OpenSans-CondLight.ttf in Resources */,
				037606291AE2DBD900855F6A /* OpenSans-CondBold.ttf in Resources */,
				035E872B1AE1D1ED00654B32 /* Main.storyboard in Resources */,
				035E874E1AE1D71700654B32 /* DotView.xib in Resources */,
				03C21F851AE49DC80033F89A /* AboutMe.plist in Resources */,
				03D99B611AE93F7600E4CC77 /* LaunchScreen.xib in Resources */,
				035E872D1AE1D1ED00654B32 /* Images.xcassets in Resources */,
			);
			runOnlyForDeploymentPostprocessing = 0;
		};
		035E87331AE1D1ED00654B32 /* Resources */ = {
			isa = PBXResourcesBuildPhase;
			buildActionMask = 2147483647;
			files = (
			);
			runOnlyForDeploymentPostprocessing = 0;
		};
/* End PBXResourcesBuildPhase section */

/* Begin PBXSourcesBuildPhase section */
		035E871C1AE1D1ED00654B32 /* Sources */ = {
			isa = PBXSourcesBuildPhase;
			buildActionMask = 2147483647;
			files = (
				03D99B6C1AE9712C00E4CC77 /* FBShimmeringLayer.m in Sources */,
				03D99B761AE9929100E4CC77 /* GreetingsView.swift in Sources */,
				03D99B631AE969B700E4CC77 /* StartViewController.swift in Sources */,
				035E87261AE1D1ED00654B32 /* AppDelegate.swift in Sources */,
				03D99B6D1AE9712C00E4CC77 /* FBShimmeringView.m in Sources */,
				034279921AEC300500F7EF21 /* EducationItem.swift in Sources */,
				035E87521AE1D7E200654B32 /* DotsViewController.swift in Sources */,
				034279861AEB643B00F7EF21 /* CustomAppearance.swift in Sources */,
				034279901AEC0B5C00F7EF21 /* ProjectTableViewCell.swift in Sources */,
				0342798E1AEC0A6100F7EF21 /* Project.swift in Sources */,
				0376061C1AE29DEE00855F6A /* DotView.swift in Sources */,
				034279881AEB64FA00F7EF21 /* AboutMeTableViewController.swift in Sources */,
				03C21F831AE49B570033F89A /* Story.swift in Sources */,
			);
			runOnlyForDeploymentPostprocessing = 0;
		};
		035E87311AE1D1ED00654B32 /* Sources */ = {
			isa = PBXSourcesBuildPhase;
			buildActionMask = 2147483647;
			files = (
				035E873C1AE1D1ED00654B32 /* Filipe_AlvarengaTests.swift in Sources */,
			);
			runOnlyForDeploymentPostprocessing = 0;
		};
/* End PBXSourcesBuildPhase section */

/* Begin PBXTargetDependency section */
		035E87371AE1D1ED00654B32 /* PBXTargetDependency */ = {
			isa = PBXTargetDependency;
			target = 035E871F1AE1D1ED00654B32 /* Filipe Alvarenga */;
			targetProxy = 035E87361AE1D1ED00654B32 /* PBXContainerItemProxy */;
		};
/* End PBXTargetDependency section */

/* Begin PBXVariantGroup section */
		0342798A1AEB732F00F7EF21 /* ProjectCell.xib */ = {
			isa = PBXVariantGroup;
			children = (
				0342798B1AEB732F00F7EF21 /* Base */,
			);
			name = ProjectCell.xib;
			sourceTree = "<group>";
		};
		035E87291AE1D1ED00654B32 /* Main.storyboard */ = {
			isa = PBXVariantGroup;
			children = (
				035E872A1AE1D1ED00654B32 /* Base */,
			);
			name = Main.storyboard;
			sourceTree = "<group>";
		};
		035E874C1AE1D71700654B32 /* DotView.xib */ = {
			isa = PBXVariantGroup;
			children = (
				035E874D1AE1D71700654B32 /* Base */,
			);
			name = DotView.xib;
			sourceTree = "<group>";
		};
		03D99B5F1AE93F7600E4CC77 /* LaunchScreen.xib */ = {
			isa = PBXVariantGroup;
			children = (
				03D99B601AE93F7600E4CC77 /* Base */,
			);
			name = LaunchScreen.xib;
			sourceTree = "<group>";
		};
		03D99B721AE98B0100E4CC77 /* GreetingsView.xib */ = {
			isa = PBXVariantGroup;
			children = (
				03D99B731AE98B0100E4CC77 /* Base */,
			);
			name = GreetingsView.xib;
			sourceTree = "<group>";
		};
/* End PBXVariantGroup section */

/* Begin XCBuildConfiguration section */
		035E873D1AE1D1ED00654B32 /* Debug */ = {
			isa = XCBuildConfiguration;
			buildSettings = {
				ALWAYS_SEARCH_USER_PATHS = NO;
				CLANG_CXX_LANGUAGE_STANDARD = "gnu++0x";
				CLANG_CXX_LIBRARY = "libc++";
				CLANG_ENABLE_MODULES = YES;
				CLANG_ENABLE_OBJC_ARC = YES;
				CLANG_WARN_BOOL_CONVERSION = YES;
				CLANG_WARN_CONSTANT_CONVERSION = YES;
				CLANG_WARN_DIRECT_OBJC_ISA_USAGE = YES_ERROR;
				CLANG_WARN_EMPTY_BODY = YES;
				CLANG_WARN_ENUM_CONVERSION = YES;
				CLANG_WARN_INT_CONVERSION = YES;
				CLANG_WARN_OBJC_ROOT_CLASS = YES_ERROR;
				CLANG_WARN_UNREACHABLE_CODE = YES;
				CLANG_WARN__DUPLICATE_METHOD_MATCH = YES;
				"CODE_SIGN_IDENTITY[sdk=iphoneos*]" = "iPhone Developer";
				COPY_PHASE_STRIP = NO;
				DEBUG_INFORMATION_FORMAT = "dwarf-with-dsym";
				ENABLE_STRICT_OBJC_MSGSEND = YES;
				GCC_C_LANGUAGE_STANDARD = gnu99;
				GCC_DYNAMIC_NO_PIC = NO;
				GCC_NO_COMMON_BLOCKS = YES;
				GCC_OPTIMIZATION_LEVEL = 0;
				GCC_PREPROCESSOR_DEFINITIONS = (
					"DEBUG=1",
					"$(inherited)",
				);
				GCC_SYMBOLS_PRIVATE_EXTERN = NO;
				GCC_WARN_64_TO_32_BIT_CONVERSION = YES;
				GCC_WARN_ABOUT_RETURN_TYPE = YES_ERROR;
				GCC_WARN_UNDECLARED_SELECTOR = YES;
				GCC_WARN_UNINITIALIZED_AUTOS = YES_AGGRESSIVE;
				GCC_WARN_UNUSED_FUNCTION = YES;
				GCC_WARN_UNUSED_VARIABLE = YES;
				IPHONEOS_DEPLOYMENT_TARGET = 8.3;
				MTL_ENABLE_DEBUG_INFO = YES;
				ONLY_ACTIVE_ARCH = YES;
				SDKROOT = iphoneos;
				SWIFT_OPTIMIZATION_LEVEL = "-Onone";
				TARGETED_DEVICE_FAMILY = "1,2";
			};
			name = Debug;
		};
		035E873E1AE1D1ED00654B32 /* Release */ = {
			isa = XCBuildConfiguration;
			buildSettings = {
				ALWAYS_SEARCH_USER_PATHS = NO;
				CLANG_CXX_LANGUAGE_STANDARD = "gnu++0x";
				CLANG_CXX_LIBRARY = "libc++";
				CLANG_ENABLE_MODULES = YES;
				CLANG_ENABLE_OBJC_ARC = YES;
				CLANG_WARN_BOOL_CONVERSION = YES;
				CLANG_WARN_CONSTANT_CONVERSION = YES;
				CLANG_WARN_DIRECT_OBJC_ISA_USAGE = YES_ERROR;
				CLANG_WARN_EMPTY_BODY = YES;
				CLANG_WARN_ENUM_CONVERSION = YES;
				CLANG_WARN_INT_CONVERSION = YES;
				CLANG_WARN_OBJC_ROOT_CLASS = YES_ERROR;
				CLANG_WARN_UNREACHABLE_CODE = YES;
				CLANG_WARN__DUPLICATE_METHOD_MATCH = YES;
				"CODE_SIGN_IDENTITY[sdk=iphoneos*]" = "iPhone Developer";
				COPY_PHASE_STRIP = NO;
				DEBUG_INFORMATION_FORMAT = "dwarf-with-dsym";
				ENABLE_NS_ASSERTIONS = NO;
				ENABLE_STRICT_OBJC_MSGSEND = YES;
				GCC_C_LANGUAGE_STANDARD = gnu99;
				GCC_NO_COMMON_BLOCKS = YES;
				GCC_WARN_64_TO_32_BIT_CONVERSION = YES;
				GCC_WARN_ABOUT_RETURN_TYPE = YES_ERROR;
				GCC_WARN_UNDECLARED_SELECTOR = YES;
				GCC_WARN_UNINITIALIZED_AUTOS = YES_AGGRESSIVE;
				GCC_WARN_UNUSED_FUNCTION = YES;
				GCC_WARN_UNUSED_VARIABLE = YES;
				IPHONEOS_DEPLOYMENT_TARGET = 8.3;
				MTL_ENABLE_DEBUG_INFO = NO;
				SDKROOT = iphoneos;
				TARGETED_DEVICE_FAMILY = "1,2";
				VALIDATE_PRODUCT = YES;
			};
			name = Release;
		};
		035E87401AE1D1ED00654B32 /* Debug */ = {
			isa = XCBuildConfiguration;
			buildSettings = {
				ASSETCATALOG_COMPILER_APPICON_NAME = AppIcon;
				CLANG_ENABLE_MODULES = YES;
				INFOPLIST_FILE = "Filipe Alvarenga/Info.plist";
				IPHONEOS_DEPLOYMENT_TARGET = 8.0;
				LD_RUNPATH_SEARCH_PATHS = "$(inherited) @executable_path/Frameworks";
				PRODUCT_NAME = "$(TARGET_NAME)";
				SWIFT_OBJC_BRIDGING_HEADER = "Filipe Alvarenga/Filipe Alvarenga-Bridging-Header.h";
				SWIFT_OPTIMIZATION_LEVEL = "-Onone";
			};
			name = Debug;
		};
		035E87411AE1D1ED00654B32 /* Release */ = {
			isa = XCBuildConfiguration;
			buildSettings = {
				ASSETCATALOG_COMPILER_APPICON_NAME = AppIcon;
				CLANG_ENABLE_MODULES = YES;
				INFOPLIST_FILE = "Filipe Alvarenga/Info.plist";
				IPHONEOS_DEPLOYMENT_TARGET = 8.0;
				LD_RUNPATH_SEARCH_PATHS = "$(inherited) @executable_path/Frameworks";
				PRODUCT_NAME = "$(TARGET_NAME)";
				SWIFT_OBJC_BRIDGING_HEADER = "Filipe Alvarenga/Filipe Alvarenga-Bridging-Header.h";
			};
			name = Release;
		};
		035E87431AE1D1ED00654B32 /* Debug */ = {
			isa = XCBuildConfiguration;
			buildSettings = {
				BUNDLE_LOADER = "$(TEST_HOST)";
				FRAMEWORK_SEARCH_PATHS = (
					"$(SDKROOT)/Developer/Library/Frameworks",
					"$(inherited)",
				);
				GCC_PREPROCESSOR_DEFINITIONS = (
					"DEBUG=1",
					"$(inherited)",
				);
				INFOPLIST_FILE = "Filipe AlvarengaTests/Info.plist";
				LD_RUNPATH_SEARCH_PATHS = "$(inherited) @executable_path/Frameworks @loader_path/Frameworks";
				PRODUCT_NAME = "$(TARGET_NAME)";
				TEST_HOST = "$(BUILT_PRODUCTS_DIR)/Filipe Alvarenga.app/Filipe Alvarenga";
			};
			name = Debug;
		};
		035E87441AE1D1ED00654B32 /* Release */ = {
			isa = XCBuildConfiguration;
			buildSettings = {
				BUNDLE_LOADER = "$(TEST_HOST)";
				FRAMEWORK_SEARCH_PATHS = (
					"$(SDKROOT)/Developer/Library/Frameworks",
					"$(inherited)",
				);
				INFOPLIST_FILE = "Filipe AlvarengaTests/Info.plist";
				LD_RUNPATH_SEARCH_PATHS = "$(inherited) @executable_path/Frameworks @loader_path/Frameworks";
				PRODUCT_NAME = "$(TARGET_NAME)";
				TEST_HOST = "$(BUILT_PRODUCTS_DIR)/Filipe Alvarenga.app/Filipe Alvarenga";
			};
			name = Release;
		};
/* End XCBuildConfiguration section */

/* Begin XCConfigurationList section */
		035E871B1AE1D1ED00654B32 /* Build configuration list for PBXProject "Filipe Alvarenga" */ = {
			isa = XCConfigurationList;
			buildConfigurations = (
				035E873D1AE1D1ED00654B32 /* Debug */,
				035E873E1AE1D1ED00654B32 /* Release */,
			);
			defaultConfigurationIsVisible = 0;
			defaultConfigurationName = Release;
		};
		035E873F1AE1D1ED00654B32 /* Build configuration list for PBXNativeTarget "Filipe Alvarenga" */ = {
			isa = XCConfigurationList;
			buildConfigurations = (
				035E87401AE1D1ED00654B32 /* Debug */,
				035E87411AE1D1ED00654B32 /* Release */,
			);
			defaultConfigurationIsVisible = 0;
			defaultConfigurationName = Release;
		};
		035E87421AE1D1ED00654B32 /* Build configuration list for PBXNativeTarget "Filipe AlvarengaTests" */ = {
			isa = XCConfigurationList;
			buildConfigurations = (
				035E87431AE1D1ED00654B32 /* Debug */,
				035E87441AE1D1ED00654B32 /* Release */,
			);
			defaultConfigurationIsVisible = 0;
			defaultConfigurationName = Release;
		};
/* End XCConfigurationList section */
	};
	rootObject = 035E87181AE1D1ED00654B32 /* Project object */;
}
